
Microsoft Visual Studio Solution File, Format Version 12.00
# Visual Studio 15
VisualStudioVersion = 15.0.28307.852
MinimumVisualStudioVersion = 10.0.40219.1
Project("{FAE04EC0-301F-11D3-BF4B-00C04F79EFBC}") = "Bot_Generator", "Bot_Generator\Bot_Generator.csproj", "{B89CAB0E-41F1-4454-90A9-57E173C96B51}"
EndProject
Global
	GlobalSection(SolutionConfigurationPlatforms) = preSolution
		Debug|Any CPU = Debug|Any CPU
		Release|Any CPU = Release|Any CPU
	EndGlobalSection
	GlobalSection(ProjectConfigurationPlatforms) = postSolution
		{B89CAB0E-41F1-4454-90A9-57E173C96B51}.Debug|Any CPU.ActiveCfg = Debug|Any CPU
		{B89CAB0E-41F1-4454-90A9-57E173C96B51}.Debug|Any CPU.Build.0 = Debug|Any CPU
		{B89CAB0E-41F1-4454-90A9-57E173C96B51}.Release|Any CPU.ActiveCfg = Release|Any CPU
		{B89CAB0E-41F1-4454-90A9-57E173C96B51}.Release|Any CPU.Build.0 = Release|Any CPU
	EndGlobalSection
	GlobalSection(SolutionProperties) = preSolution
		HideSolutionNode = FALSE
	EndGlobalSection
	GlobalSection(ExtensibilityGlobals) = postSolution
		SolutionGuid = {260AE987-A21E-403A-91F4-C464211A9475}
	EndGlobalSection
EndGlobal
